
Microsoft Visual Studio Solution File, Format Version 12.00
# Visual Studio Version 16
VisualStudioVersion = 16.0.29519.87
MinimumVisualStudioVersion = 10.0.40219.1
Project("{FAE04EC0-301F-11D3-BF4B-00C04F79EFBC}") = "exercise_10", "exercise_10\exercise_10.csproj", "{FBA7CD5C-3A29-4F8D-8F40-B123DCED26AA}"
EndProject
Global
	GlobalSection(SolutionConfigurationPlatforms) = preSolution
		Debug|Any CPU = Debug|Any CPU
		Release|Any CPU = Release|Any CPU
	EndGlobalSection
	GlobalSection(ProjectConfigurationPlatforms) = postSolution
		{FBA7CD5C-3A29-4F8D-8F40-B123DCED26AA}.Debug|Any CPU.ActiveCfg = Debug|Any CPU
		{FBA7CD5C-3A29-4F8D-8F40-B123DCED26AA}.Debug|Any CPU.Build.0 = Debug|Any CPU
		{FBA7CD5C-3A29-4F8D-8F40-B123DCED26AA}.Release|Any CPU.ActiveCfg = Release|Any CPU
		{FBA7CD5C-3A29-4F8D-8F40-B123DCED26AA}.Release|Any CPU.Build.0 = Release|Any CPU
	EndGlobalSection
	GlobalSection(SolutionProperties) = preSolution
		HideSolutionNode = FALSE
	EndGlobalSection
	GlobalSection(ExtensibilityGlobals) = postSolution
		SolutionGuid = {EC5976E4-AEF1-424F-82CE-1413A986BABD}
	EndGlobalSection
EndGlobal
